
Microsoft Visual Studio Solution File, Format Version 10.00
# Visual Studio 2008
Project("{FAE04EC0-301F-11D3-BF4B-00C04F79EFBC}") = "WpfApplication", "WpfApplication\WpfApplication.csproj", "{CEF93224-0081-4DE8-8ECB-9DF21875F10A}"
EndProject
Global
	GlobalSection(SolutionConfigurationPlatforms) = preSolution
		Debug|Any CPU = Debug|Any CPU
		Release|Any CPU = Release|Any CPU
	EndGlobalSection
	GlobalSection(ProjectConfigurationPlatforms) = postSolution
		{CEF93224-0081-4DE8-8ECB-9DF21875F10A}.Debug|Any CPU.ActiveCfg = Debug|Any CPU
		{CEF93224-0081-4DE8-8ECB-9DF21875F10A}.Debug|Any CPU.Build.0 = Debug|Any CPU
		{CEF93224-0081-4DE8-8ECB-9DF21875F10A}.Release|Any CPU.ActiveCfg = Release|Any CPU
		{CEF93224-0081-4DE8-8ECB-9DF21875F10A}.Release|Any CPU.Build.0 = Release|Any CPU
	EndGlobalSection
	GlobalSection(SolutionProperties) = preSolution
		HideSolutionNode = FALSE
	EndGlobalSection
EndGlobal
